// !$*UTF8*$!
{
	archiveVersion = 1;
	classes = {
	};
	objectVersion = 56;
	objects = {

/* Begin PBXBuildFile section */
		ED2278EA2DE1722200A991FD /* Zoomable in Frameworks */ = {isa = PBXBuildFile; productRef = ED2278E92DE1722200A991FD /* Zoomable */; };
		ED59F7322DE692B300B7DA6A /* CanvasContentView.swift in Sources */ = {isa = PBXBuildFile; fileRef = ED59F7312DE692B300B7DA6A /* CanvasContentView.swift */; };
		EDC4E6B42BDC28CA001EA129 /* View+Extensions.swift in Sources */ = {isa = PBXBuildFile; fileRef = EDC4E6B32BDC28CA001EA129 /* View+Extensions.swift */; };
		EDC4E6B62BDC4F2D001EA129 /* Color+Extensions.swift in Sources */ = {isa = PBXBuildFile; fileRef = EDC4E6B52BDC4F2D001EA129 /* Color+Extensions.swift */; };
		EDC4E6B92BDE9161001EA129 /* AlertKit in Frameworks */ = {isa = PBXBuildFile; productRef = EDC4E6B82BDE9161001EA129 /* AlertKit */; };
		EDC4E6F02BEFF583001EA129 /* ControlView.swift in Sources */ = {isa = PBXBuildFile; fileRef = EDC4E6EF2BEFF583001EA129 /* ControlView.swift */; };
		EDE450562BDBFB5D0058C512 /* BlurrifyApp.swift in Sources */ = {isa = PBXBuildFile; fileRef = EDE450552BDBFB5D0058C512 /* BlurrifyApp.swift */; };
		EDE450582BDBFB5D0058C512 /* MainContentView.swift in Sources */ = {isa = PBXBuildFile; fileRef = EDE450572BDBFB5D0058C512 /* MainContentView.swift */; };
		EDE4505A2BDBFB5F0058C512 /* Assets.xcassets in Resources */ = {isa = PBXBuildFile; fileRef = EDE450592BDBFB5F0058C512 /* Assets.xcassets */; };
		EDE4505D2BDBFB5F0058C512 /* Preview Assets.xcassets in Resources */ = {isa = PBXBuildFile; fileRef = EDE4505C2BDBFB5F0058C512 /* Preview Assets.xcassets */; };
		EDE450652BDC161C0058C512 /* PhotoGalleryService.swift in Sources */ = {isa = PBXBuildFile; fileRef = EDE450642BDC161C0058C512 /* PhotoGalleryService.swift */; };
		EDED03F52DDD9151003F3AF1 /* CanvasView.swift in Sources */ = {isa = PBXBuildFile; fileRef = EDED03F42DDD9151003F3AF1 /* CanvasView.swift */; };
		EDED03F72DDEBE56003F3AF1 /* ImageEditService.swift in Sources */ = {isa = PBXBuildFile; fileRef = EDED03F62DDEBE56003F3AF1 /* ImageEditService.swift */; };
/* End PBXBuildFile section */

/* Begin PBXFileReference section */
		ED59F7312DE692B300B7DA6A /* CanvasContentView.swift */ = {isa = PBXFileReference; lastKnownFileType = sourcecode.swift; path = CanvasContentView.swift; sourceTree = "<group>"; };
		EDC4E6B32BDC28CA001EA129 /* View+Extensions.swift */ = {isa = PBXFileReference; lastKnownFileType = sourcecode.swift; path = "View+Extensions.swift"; sourceTree = "<group>"; };
		EDC4E6B52BDC4F2D001EA129 /* Color+Extensions.swift */ = {isa = PBXFileReference; lastKnownFileType = sourcecode.swift; path = "Color+Extensions.swift"; sourceTree = "<group>"; };
		EDC4E6EF2BEFF583001EA129 /* ControlView.swift */ = {isa = PBXFileReference; lastKnownFileType = sourcecode.swift; path = ControlView.swift; sourceTree = "<group>"; };
		EDE450522BDBFB5D0058C512 /* Blurrify.app */ = {isa = PBXFileReference; explicitFileType = wrapper.application; includeInIndex = 0; path = Blurrify.app; sourceTree = BUILT_PRODUCTS_DIR; };
		EDE450552BDBFB5D0058C512 /* BlurrifyApp.swift */ = {isa = PBXFileReference; lastKnownFileType = sourcecode.swift; path = BlurrifyApp.swift; sourceTree = "<group>"; };
		EDE450572BDBFB5D0058C512 /* MainContentView.swift */ = {isa = PBXFileReference; lastKnownFileType = sourcecode.swift; path = MainContentView.swift; sourceTree = "<group>"; };
		EDE450592BDBFB5F0058C512 /* Assets.xcassets */ = {isa = PBXFileReference; lastKnownFileType = folder.assetcatalog; path = Assets.xcassets; sourceTree = "<group>"; };
		EDE4505C2BDBFB5F0058C512 /* Preview Assets.xcassets */ = {isa = PBXFileReference; lastKnownFileType = folder.assetcatalog; path = "Preview Assets.xcassets"; sourceTree = "<group>"; };
		EDE450642BDC161C0058C512 /* PhotoGalleryService.swift */ = {isa = PBXFileReference; lastKnownFileType = sourcecode.swift; path = PhotoGalleryService.swift; sourceTree = "<group>"; };
		EDED03F42DDD9151003F3AF1 /* CanvasView.swift */ = {isa = PBXFileReference; lastKnownFileType = sourcecode.swift; path = CanvasView.swift; sourceTree = "<group>"; };
		EDED03F62DDEBE56003F3AF1 /* ImageEditService.swift */ = {isa = PBXFileReference; lastKnownFileType = sourcecode.swift; path = ImageEditService.swift; sourceTree = "<group>"; };
/* End PBXFileReference section */

/* Begin PBXFrameworksBuildPhase section */
		EDE4504F2BDBFB5D0058C512 /* Frameworks */ = {
			isa = PBXFrameworksBuildPhase;
			buildActionMask = 2147483647;
			files = (
				EDC4E6B92BDE9161001EA129 /* AlertKit in Frameworks */,
				ED2278EA2DE1722200A991FD /* Zoomable in Frameworks */,
			);
			runOnlyForDeploymentPostprocessing = 0;
		};
/* End PBXFrameworksBuildPhase section */

/* Begin PBXGroup section */
		EDC4E6B22BDC288B001EA129 /* Extesions */ = {
			isa = PBXGroup;
			children = (
				EDC4E6B32BDC28CA001EA129 /* View+Extensions.swift */,
				EDC4E6B52BDC4F2D001EA129 /* Color+Extensions.swift */,
			);
			path = Extesions;
			sourceTree = "<group>";
		};
		EDC4E6EE2BEFF562001EA129 /* Components */ = {
			isa = PBXGroup;
			children = (
				EDC4E6EF2BEFF583001EA129 /* ControlView.swift */,
			);
			path = Components;
			sourceTree = "<group>";
		};
		EDE450492BDBFB5D0058C512 = {
			isa = PBXGroup;
			children = (
				EDE450542BDBFB5D0058C512 /* Blurrify */,
				EDE450532BDBFB5D0058C512 /* Products */,
			);
			sourceTree = "<group>";
		};
		EDE450532BDBFB5D0058C512 /* Products */ = {
			isa = PBXGroup;
			children = (
				EDE450522BDBFB5D0058C512 /* Blurrify.app */,
			);
			name = Products;
			sourceTree = "<group>";
		};
		EDE450542BDBFB5D0058C512 /* Blurrify */ = {
			isa = PBXGroup;
			children = (
				EDED03F22DDD86EA003F3AF1 /* App */,
				EDED03F12DDD86D4003F3AF1 /* Views */,
				EDC4E6B22BDC288B001EA129 /* Extesions */,
				EDE450632BDC16030058C512 /* Services */,
				EDE450592BDBFB5F0058C512 /* Assets.xcassets */,
				EDE4505B2BDBFB5F0058C512 /* Preview Content */,
			);
			path = Blurrify;
			sourceTree = "<group>";
		};
		EDE4505B2BDBFB5F0058C512 /* Preview Content */ = {
			isa = PBXGroup;
			children = (
				EDE4505C2BDBFB5F0058C512 /* Preview Assets.xcassets */,
			);
			path = "Preview Content";
			sourceTree = "<group>";
		};
		EDE450632BDC16030058C512 /* Services */ = {
			isa = PBXGroup;
			children = (
				EDE450642BDC161C0058C512 /* PhotoGalleryService.swift */,
				EDED03F62DDEBE56003F3AF1 /* ImageEditService.swift */,
			);
			path = Services;
			sourceTree = "<group>";
		};
		EDED03F12DDD86D4003F3AF1 /* Views */ = {
			isa = PBXGroup;
			children = (
				EDC4E6EE2BEFF562001EA129 /* Components */,
				EDED03F32DDD8743003F3AF1 /* Main Content View */,
			);
			path = Views;
			sourceTree = "<group>";
		};
		EDED03F22DDD86EA003F3AF1 /* App */ = {
			isa = PBXGroup;
			children = (
				EDE450552BDBFB5D0058C512 /* BlurrifyApp.swift */,
			);
			path = App;
			sourceTree = "<group>";
		};
		EDED03F32DDD8743003F3AF1 /* Main Content View */ = {
			isa = PBXGroup;
			children = (
				EDE450572BDBFB5D0058C512 /* MainContentView.swift */,
				EDED03F42DDD9151003F3AF1 /* CanvasView.swift */,
				ED59F7312DE692B300B7DA6A /* CanvasContentView.swift */,
			);
			path = "Main Content View";
			sourceTree = "<group>";
		};
/* End PBXGroup section */

/* Begin PBXNativeTarget section */
		EDE450512BDBFB5D0058C512 /* Blurrify */ = {
			isa = PBXNativeTarget;
			buildConfigurationList = EDE450602BDBFB5F0058C512 /* Build configuration list for PBXNativeTarget "Blurrify" */;
			buildPhases = (
				EDE4504E2BDBFB5D0058C512 /* Sources */,
				EDE4504F2BDBFB5D0058C512 /* Frameworks */,
				EDE450502BDBFB5D0058C512 /* Resources */,
			);
			buildRules = (
			);
			dependencies = (
			);
			name = Blurrify;
			packageProductDependencies = (
				EDC4E6B82BDE9161001EA129 /* AlertKit */,
				ED2278E92DE1722200A991FD /* Zoomable */,
			);
			productName = Blurrify;
			productReference = EDE450522BDBFB5D0058C512 /* Blurrify.app */;
			productType = "com.apple.product-type.application";
		};
/* End PBXNativeTarget section */

/* Begin PBXProject section */
		EDE4504A2BDBFB5D0058C512 /* Project object */ = {
			isa = PBXProject;
			attributes = {
				BuildIndependentTargetsInParallel = 1;
				LastSwiftUpdateCheck = 1500;
				LastUpgradeCheck = 1500;
				TargetAttributes = {
					EDE450512BDBFB5D0058C512 = {
						CreatedOnToolsVersion = 15.0;
					};
				};
			};
			buildConfigurationList = EDE4504D2BDBFB5D0058C512 /* Build configuration list for PBXProject "Blurrify" */;
			compatibilityVersion = "Xcode 14.0";
			developmentRegion = en;
			hasScannedForEncodings = 0;
			knownRegions = (
				en,
				Base,
			);
			mainGroup = EDE450492BDBFB5D0058C512;
			packageReferences = (
				EDC4E6B72BDE9161001EA129 /* XCRemoteSwiftPackageReference "AlertKit" */,
				ED2278E82DE1722200A991FD /* XCRemoteSwiftPackageReference "Zoomable" */,
			);
			productRefGroup = EDE450532BDBFB5D0058C512 /* Products */;
			projectDirPath = "";
			projectRoot = "";
			targets = (
				EDE450512BDBFB5D0058C512 /* Blurrify */,
			);
		};
/* End PBXProject section */

/* Begin PBXResourcesBuildPhase section */
		EDE450502BDBFB5D0058C512 /* Resources */ = {
			isa = PBXResourcesBuildPhase;
			buildActionMask = 2147483647;
			files = (
				EDE4505D2BDBFB5F0058C512 /* Preview Assets.xcassets in Resources */,
				EDE4505A2BDBFB5F0058C512 /* Assets.xcassets in Resources */,
			);
			runOnlyForDeploymentPostprocessing = 0;
		};
/* End PBXResourcesBuildPhase section */

/* Begin PBXSourcesBuildPhase section */
		EDE4504E2BDBFB5D0058C512 /* Sources */ = {
			isa = PBXSourcesBuildPhase;
			buildActionMask = 2147483647;
			files = (
				EDC4E6B62BDC4F2D001EA129 /* Color+Extensions.swift in Sources */,
				EDED03F52DDD9151003F3AF1 /* CanvasView.swift in Sources */,
				EDE450652BDC161C0058C512 /* PhotoGalleryService.swift in Sources */,
				EDED03F72DDEBE56003F3AF1 /* ImageEditService.swift in Sources */,
				EDE450582BDBFB5D0058C512 /* MainContentView.swift in Sources */,
				EDC4E6B42BDC28CA001EA129 /* View+Extensions.swift in Sources */,
				ED59F7322DE692B300B7DA6A /* CanvasContentView.swift in Sources */,
				EDC4E6F02BEFF583001EA129 /* ControlView.swift in Sources */,
				EDE450562BDBFB5D0058C512 /* BlurrifyApp.swift in Sources */,
			);
			runOnlyForDeploymentPostprocessing = 0;
		};
/* End PBXSourcesBuildPhase section */

/* Begin XCBuildConfiguration section */
		EDE4505E2BDBFB5F0058C512 /* Debug */ = {
			isa = XCBuildConfiguration;
			buildSettings = {
				ALWAYS_SEARCH_USER_PATHS = NO;
				ASSETCATALOG_COMPILER_GENERATE_SWIFT_ASSET_SYMBOL_EXTENSIONS = YES;
				CLANG_ANALYZER_NONNULL = YES;
				CLANG_ANALYZER_NUMBER_OBJECT_CONVERSION = YES_AGGRESSIVE;
				CLANG_CXX_LANGUAGE_STANDARD = "gnu++20";
				CLANG_ENABLE_MODULES = YES;
				CLANG_ENABLE_OBJC_ARC = YES;
				CLANG_ENABLE_OBJC_WEAK = YES;
				CLANG_WARN_BLOCK_CAPTURE_AUTORELEASING = YES;
				CLANG_WARN_BOOL_CONVERSION = YES;
				CLANG_WARN_COMMA = YES;
				CLANG_WARN_CONSTANT_CONVERSION = YES;
				CLANG_WARN_DEPRECATED_OBJC_IMPLEMENTATIONS = YES;
				CLANG_WARN_DIRECT_OBJC_ISA_USAGE = YES_ERROR;
				CLANG_WARN_DOCUMENTATION_COMMENTS = YES;
				CLANG_WARN_EMPTY_BODY = YES;
				CLANG_WARN_ENUM_CONVERSION = YES;
				CLANG_WARN_INFINITE_RECURSION = YES;
				CLANG_WARN_INT_CONVERSION = YES;
				CLANG_WARN_NON_LITERAL_NULL_CONVERSION = YES;
				CLANG_WARN_OBJC_IMPLICIT_RETAIN_SELF = YES;
				CLANG_WARN_OBJC_LITERAL_CONVERSION = YES;
				CLANG_WARN_OBJC_ROOT_CLASS = YES_ERROR;
				CLANG_WARN_QUOTED_INCLUDE_IN_FRAMEWORK_HEADER = YES;
				CLANG_WARN_RANGE_LOOP_ANALYSIS = YES;
				CLANG_WARN_STRICT_PROTOTYPES = YES;
				CLANG_WARN_SUSPICIOUS_MOVE = YES;
				CLANG_WARN_UNGUARDED_AVAILABILITY = YES_AGGRESSIVE;
				CLANG_WARN_UNREACHABLE_CODE = YES;
				CLANG_WARN__DUPLICATE_METHOD_MATCH = YES;
				COPY_PHASE_STRIP = NO;
				DEBUG_INFORMATION_FORMAT = dwarf;
				ENABLE_STRICT_OBJC_MSGSEND = YES;
				ENABLE_TESTABILITY = YES;
				ENABLE_USER_SCRIPT_SANDBOXING = YES;
				GCC_C_LANGUAGE_STANDARD = gnu17;
				GCC_DYNAMIC_NO_PIC = NO;
				GCC_NO_COMMON_BLOCKS = YES;
				GCC_OPTIMIZATION_LEVEL = 0;
				GCC_PREPROCESSOR_DEFINITIONS = (
					"DEBUG=1",
					"$(inherited)",
				);
				GCC_WARN_64_TO_32_BIT_CONVERSION = YES;
				GCC_WARN_ABOUT_RETURN_TYPE = YES_ERROR;
				GCC_WARN_UNDECLARED_SELECTOR = YES;
				GCC_WARN_UNINITIALIZED_AUTOS = YES_AGGRESSIVE;
				GCC_WARN_UNUSED_FUNCTION = YES;
				GCC_WARN_UNUSED_VARIABLE = YES;
				IPHONEOS_DEPLOYMENT_TARGET = 17.0;
				LOCALIZATION_PREFERS_STRING_CATALOGS = YES;
				MTL_ENABLE_DEBUG_INFO = INCLUDE_SOURCE;
				MTL_FAST_MATH = YES;
				ONLY_ACTIVE_ARCH = YES;
				SDKROOT = iphoneos;
				SWIFT_ACTIVE_COMPILATION_CONDITIONS = "DEBUG $(inherited)";
				SWIFT_OPTIMIZATION_LEVEL = "-Onone";
			};
			name = Debug;
		};
		EDE4505F2BDBFB5F0058C512 /* Release */ = {
			isa = XCBuildConfiguration;
			buildSettings = {
				ALWAYS_SEARCH_USER_PATHS = NO;
				ASSETCATALOG_COMPILER_GENERATE_SWIFT_ASSET_SYMBOL_EXTENSIONS = YES;
				CLANG_ANALYZER_NONNULL = YES;
				CLANG_ANALYZER_NUMBER_OBJECT_CONVERSION = YES_AGGRESSIVE;
				CLANG_CXX_LANGUAGE_STANDARD = "gnu++20";
				CLANG_ENABLE_MODULES = YES;
				CLANG_ENABLE_OBJC_ARC = YES;
				CLANG_ENABLE_OBJC_WEAK = YES;
				CLANG_WARN_BLOCK_CAPTURE_AUTORELEASING = YES;
				CLANG_WARN_BOOL_CONVERSION = YES;
				CLANG_WARN_COMMA = YES;
				CLANG_WARN_CONSTANT_CONVERSION = YES;
				CLANG_WARN_DEPRECATED_OBJC_IMPLEMENTATIONS = YES;
				CLANG_WARN_DIRECT_OBJC_ISA_USAGE = YES_ERROR;
				CLANG_WARN_DOCUMENTATION_COMMENTS = YES;
				CLANG_WARN_EMPTY_BODY = YES;
				CLANG_WARN_ENUM_CONVERSION = YES;
				CLANG_WARN_INFINITE_RECURSION = YES;
				CLANG_WARN_INT_CONVERSION = YES;
				CLANG_WARN_NON_LITERAL_NULL_CONVERSION = YES;
				CLANG_WARN_OBJC_IMPLICIT_RETAIN_SELF = YES;
				CLANG_WARN_OBJC_LITERAL_CONVERSION = YES;
				CLANG_WARN_OBJC_ROOT_CLASS = YES_ERROR;
				CLANG_WARN_QUOTED_INCLUDE_IN_FRAMEWORK_HEADER = YES;
				CLANG_WARN_RANGE_LOOP_ANALYSIS = YES;
				CLANG_WARN_STRICT_PROTOTYPES = YES;
				CLANG_WARN_SUSPICIOUS_MOVE = YES;
				CLANG_WARN_UNGUARDED_AVAILABILITY = YES_AGGRESSIVE;
				CLANG_WARN_UNREACHABLE_CODE = YES;
				CLANG_WARN__DUPLICATE_METHOD_MATCH = YES;
				COPY_PHASE_STRIP = NO;
				DEBUG_INFORMATION_FORMAT = "dwarf-with-dsym";
				ENABLE_NS_ASSERTIONS = NO;
				ENABLE_STRICT_OBJC_MSGSEND = YES;
				ENABLE_USER_SCRIPT_SANDBOXING = YES;
				GCC_C_LANGUAGE_STANDARD = gnu17;
				GCC_NO_COMMON_BLOCKS = YES;
				GCC_WARN_64_TO_32_BIT_CONVERSION = YES;
				GCC_WARN_ABOUT_RETURN_TYPE = YES_ERROR;
				GCC_WARN_UNDECLARED_SELECTOR = YES;
				GCC_WARN_UNINITIALIZED_AUTOS = YES_AGGRESSIVE;
				GCC_WARN_UNUSED_FUNCTION = YES;
				GCC_WARN_UNUSED_VARIABLE = YES;
				IPHONEOS_DEPLOYMENT_TARGET = 17.0;
				LOCALIZATION_PREFERS_STRING_CATALOGS = YES;
				MTL_ENABLE_DEBUG_INFO = NO;
				MTL_FAST_MATH = YES;
				SDKROOT = iphoneos;
				SWIFT_COMPILATION_MODE = wholemodule;
				VALIDATE_PRODUCT = YES;
			};
			name = Release;
		};
		EDE450612BDBFB5F0058C512 /* Debug */ = {
			isa = XCBuildConfiguration;
			buildSettings = {
				ASSETCATALOG_COMPILER_APPICON_NAME = AppIcon;
				ASSETCATALOG_COMPILER_GLOBAL_ACCENT_COLOR_NAME = AccentColor;
				CODE_SIGN_STYLE = Automatic;
				CURRENT_PROJECT_VERSION = 1;
				DEVELOPMENT_ASSET_PATHS = "\"Blurrify/Preview Content\"";
				DEVELOPMENT_TEAM = 2JQSQJ284B;
				ENABLE_PREVIEWS = YES;
				GENERATE_INFOPLIST_FILE = YES;
				INFOPLIST_KEY_LSApplicationCategoryType = "public.app-category.utilities";
				INFOPLIST_KEY_NSPhotoLibraryUsageDescription = "Blurrify needs access to camera roll in order to save edited images.";
				INFOPLIST_KEY_UIApplicationSceneManifest_Generation = YES;
				INFOPLIST_KEY_UIApplicationSupportsIndirectInputEvents = YES;
				INFOPLIST_KEY_UILaunchScreen_Generation = YES;
				INFOPLIST_KEY_UISupportedInterfaceOrientations = UIInterfaceOrientationPortrait;
				INFOPLIST_KEY_UISupportedInterfaceOrientations_iPad = "UIInterfaceOrientationPortrait UIInterfaceOrientationPortraitUpsideDown";
				LD_RUNPATH_SEARCH_PATHS = (
					"$(inherited)",
					"@executable_path/Frameworks",
				);
				MARKETING_VERSION = 1.0;
				PRODUCT_BUNDLE_IDENTIFIER = com.neftali.blurrify;
				PRODUCT_NAME = "$(TARGET_NAME)";
				SWIFT_EMIT_LOC_STRINGS = YES;
				SWIFT_VERSION = 5.0;
				TARGETED_DEVICE_FAMILY = "1,2";
			};
			name = Debug;
		};
		EDE450622BDBFB5F0058C512 /* Release */ = {
			isa = XCBuildConfiguration;
			buildSettings = {
				ASSETCATALOG_COMPILER_APPICON_NAME = AppIcon;
				ASSETCATALOG_COMPILER_GLOBAL_ACCENT_COLOR_NAME = AccentColor;
				CODE_SIGN_STYLE = Automatic;
				CURRENT_PROJECT_VERSION = 1;
				DEVELOPMENT_ASSET_PATHS = "\"Blurrify/Preview Content\"";
				DEVELOPMENT_TEAM = 2JQSQJ284B;
				ENABLE_PREVIEWS = YES;
				GENERATE_INFOPLIST_FILE = YES;
				INFOPLIST_KEY_LSApplicationCategoryType = "public.app-category.utilities";
				INFOPLIST_KEY_NSPhotoLibraryUsageDescription = "Blurrify needs access to camera roll in order to save edited images.";
				INFOPLIST_KEY_UIApplicationSceneManifest_Generation = YES;
				INFOPLIST_KEY_UIApplicationSupportsIndirectInputEvents = YES;
				INFOPLIST_KEY_UILaunchScreen_Generation = YES;
				INFOPLIST_KEY_UISupportedInterfaceOrientations = UIInterfaceOrientationPortrait;
				INFOPLIST_KEY_UISupportedInterfaceOrientations_iPad = "UIInterfaceOrientationPortrait UIInterfaceOrientationPortraitUpsideDown";
				LD_RUNPATH_SEARCH_PATHS = (
					"$(inherited)",
					"@executable_path/Frameworks",
				);
				MARKETING_VERSION = 1.0;
				PRODUCT_BUNDLE_IDENTIFIER = com.neftali.blurrify;
				PRODUCT_NAME = "$(TARGET_NAME)";
				SWIFT_EMIT_LOC_STRINGS = YES;
				SWIFT_VERSION = 5.0;
				TARGETED_DEVICE_FAMILY = "1,2";
			};
			name = Release;
		};
/* End XCBuildConfiguration section */

/* Begin XCConfigurationList section */
		EDE4504D2BDBFB5D0058C512 /* Build configuration list for PBXProject "Blurrify" */ = {
			isa = XCConfigurationList;
			buildConfigurations = (
				EDE4505E2BDBFB5F0058C512 /* Debug */,
				EDE4505F2BDBFB5F0058C512 /* Release */,
			);
			defaultConfigurationIsVisible = 0;
			defaultConfigurationName = Release;
		};
		EDE450602BDBFB5F0058C512 /* Build configuration list for PBXNativeTarget "Blurrify" */ = {
			isa = XCConfigurationList;
			buildConfigurations = (
				EDE450612BDBFB5F0058C512 /* Debug */,
				EDE450622BDBFB5F0058C512 /* Release */,
			);
			defaultConfigurationIsVisible = 0;
			defaultConfigurationName = Release;
		};
/* End XCConfigurationList section */

/* Begin XCRemoteSwiftPackageReference section */
		ED2278E82DE1722200A991FD /* XCRemoteSwiftPackageReference "Zoomable" */ = {
			isa = XCRemoteSwiftPackageReference;
			repositoryURL = "https://github.com/ryohey/Zoomable.git";
			requirement = {
				branch = main;
				kind = branch;
			};
		};
		EDC4E6B72BDE9161001EA129 /* XCRemoteSwiftPackageReference "AlertKit" */ = {
			isa = XCRemoteSwiftPackageReference;
			repositoryURL = "https://github.com/sparrowcode/AlertKit";
			requirement = {
				kind = upToNextMajorVersion;
				minimumVersion = 5.1.9;
			};
		};
/* End XCRemoteSwiftPackageReference section */

/* Begin XCSwiftPackageProductDependency section */
		ED2278E92DE1722200A991FD /* Zoomable */ = {
			isa = XCSwiftPackageProductDependency;
			package = ED2278E82DE1722200A991FD /* XCRemoteSwiftPackageReference "Zoomable" */;
			productName = Zoomable;
		};
		EDC4E6B82BDE9161001EA129 /* AlertKit */ = {
			isa = XCSwiftPackageProductDependency;
			package = EDC4E6B72BDE9161001EA129 /* XCRemoteSwiftPackageReference "AlertKit" */;
			productName = AlertKit;
		};
/* End XCSwiftPackageProductDependency section */
	};
	rootObject = EDE4504A2BDBFB5D0058C512 /* Project object */;
}
